
Microsoft Visual Studio Solution File, Format Version 12.00
# Visual Studio Version 17
VisualStudioVersion = 17.13.35931.197 d17.13
MinimumVisualStudioVersion = 10.0.40219.1
Project("{FAE04EC0-301F-11D3-BF4B-00C04F79EFBC}") = "BasicMVC_Practice", "BasicMVC_Practice\BasicMVC_Practice.csproj", "{DECB2298-6B17-4D40-96AE-B7394CA3942D}"
EndProject
Global
	GlobalSection(SolutionConfigurationPlatforms) = preSolution
		Debug|Any CPU = Debug|Any CPU
		Release|Any CPU = Release|Any CPU
	EndGlobalSection
	GlobalSection(ProjectConfigurationPlatforms) = postSolution
		{DECB2298-6B17-4D40-96AE-B7394CA3942D}.Debug|Any CPU.ActiveCfg = Debug|Any CPU
		{DECB2298-6B17-4D40-96AE-B7394CA3942D}.Debug|Any CPU.Build.0 = Debug|Any CPU
		{DECB2298-6B17-4D40-96AE-B7394CA3942D}.Release|Any CPU.ActiveCfg = Release|Any CPU
		{DECB2298-6B17-4D40-96AE-B7394CA3942D}.Release|Any CPU.Build.0 = Release|Any CPU
	EndGlobalSection
	GlobalSection(SolutionProperties) = preSolution
		HideSolutionNode = FALSE
	EndGlobalSection
	GlobalSection(ExtensibilityGlobals) = postSolution
		SolutionGuid = {A5B5C644-2229-4B15-964F-E8A6B194CE84}
	EndGlobalSection
EndGlobal
